// !$*UTF8*$!
{
	archiveVersion = 1;
	classes = {
	};
	objectVersion = 46;
	objects = {

/* Begin PBXBuildFile section */
		5AE5B4ED1EDEBE4300CBD2E8 /* AppDelegate.swift in Sources */ = {isa = PBXBuildFile; fileRef = 5AE5B4EC1EDEBE4300CBD2E8 /* AppDelegate.swift */; };
		5AE5B4EF1EDEBE4300CBD2E8 /* ViewController.swift in Sources */ = {isa = PBXBuildFile; fileRef = 5AE5B4EE1EDEBE4300CBD2E8 /* ViewController.swift */; };
		5AE5B4F21EDEBE4300CBD2E8 /* Main.storyboard in Resources */ = {isa = PBXBuildFile; fileRef = 5AE5B4F01EDEBE4300CBD2E8 /* Main.storyboard */; };
		5AE5B4F41EDEBE4300CBD2E8 /* Assets.xcassets in Resources */ = {isa = PBXBuildFile; fileRef = 5AE5B4F31EDEBE4300CBD2E8 /* Assets.xcassets */; };
		5AE5B4F71EDEBE4300CBD2E8 /* LaunchScreen.storyboard in Resources */ = {isa = PBXBuildFile; fileRef = 5AE5B4F51EDEBE4300CBD2E8 /* LaunchScreen.storyboard */; };
		5AE5B5011EDEC58700CBD2E8 /* MemoViewController.swift in Sources */ = {isa = PBXBuildFile; fileRef = 5AE5B5001EDEC58700CBD2E8 /* MemoViewController.swift */; };
		5BA4D89BE7B8AECB7FF9E0F3 /* Pods_Memo_pad.framework in Frameworks */ = {isa = PBXBuildFile; fileRef = 9E92969ED9EAA2391F3E27F8 /* Pods_Memo_pad.framework */; };
/* End PBXBuildFile section */

/* Begin PBXFileReference section */
		5AE5B4E91EDEBE4300CBD2E8 /* Memo-pad.app */ = {isa = PBXFileReference; explicitFileType = wrapper.application; includeInIndex = 0; path = "Memo-pad.app"; sourceTree = BUILT_PRODUCTS_DIR; };
		5AE5B4EC1EDEBE4300CBD2E8 /* AppDelegate.swift */ = {isa = PBXFileReference; lastKnownFileType = sourcecode.swift; path = AppDelegate.swift; sourceTree = "<group>"; };
		5AE5B4EE1EDEBE4300CBD2E8 /* ViewController.swift */ = {isa = PBXFileReference; lastKnownFileType = sourcecode.swift; path = ViewController.swift; sourceTree = "<group>"; };
		5AE5B4F11EDEBE4300CBD2E8 /* Base */ = {isa = PBXFileReference; lastKnownFileType = file.storyboard; name = Base; path = Base.lproj/Main.storyboard; sourceTree = "<group>"; };
		5AE5B4F31EDEBE4300CBD2E8 /* Assets.xcassets */ = {isa = PBXFileReference; lastKnownFileType = folder.assetcatalog; path = Assets.xcassets; sourceTree = "<group>"; };
		5AE5B4F61EDEBE4300CBD2E8 /* Base */ = {isa = PBXFileReference; lastKnownFileType = file.storyboard; name = Base; path = Base.lproj/LaunchScreen.storyboard; sourceTree = "<group>"; };
		5AE5B4F81EDEBE4300CBD2E8 /* Info.plist */ = {isa = PBXFileReference; lastKnownFileType = text.plist.xml; path = Info.plist; sourceTree = "<group>"; };
		5AE5B5001EDEC58700CBD2E8 /* MemoViewController.swift */ = {isa = PBXFileReference; fileEncoding = 4; lastKnownFileType = sourcecode.swift; path = MemoViewController.swift; sourceTree = "<group>"; };
		5F7696280A798B1ECC082A36 /* Pods-Memo-pad.release.xcconfig */ = {isa = PBXFileReference; includeInIndex = 1; lastKnownFileType = text.xcconfig; name = "Pods-Memo-pad.release.xcconfig"; path = "Pods/Target Support Files/Pods-Memo-pad/Pods-Memo-pad.release.xcconfig"; sourceTree = "<group>"; };
		9E92969ED9EAA2391F3E27F8 /* Pods_Memo_pad.framework */ = {isa = PBXFileReference; explicitFileType = wrapper.framework; includeInIndex = 0; path = Pods_Memo_pad.framework; sourceTree = BUILT_PRODUCTS_DIR; };
		A854C76FC1BA89C897E27192 /* Pods-Memo-pad.debug.xcconfig */ = {isa = PBXFileReference; includeInIndex = 1; lastKnownFileType = text.xcconfig; name = "Pods-Memo-pad.debug.xcconfig"; path = "Pods/Target Support Files/Pods-Memo-pad/Pods-Memo-pad.debug.xcconfig"; sourceTree = "<group>"; };
/* End PBXFileReference section */

/* Begin PBXFrameworksBuildPhase section */
		5AE5B4E61EDEBE4300CBD2E8 /* Frameworks */ = {
			isa = PBXFrameworksBuildPhase;
			buildActionMask = 2147483647;
			files = (
				5BA4D89BE7B8AECB7FF9E0F3 /* Pods_Memo_pad.framework in Frameworks */,
			);
			runOnlyForDeploymentPostprocessing = 0;
		};
/* End PBXFrameworksBuildPhase section */

/* Begin PBXGroup section */
		2E35C337C8EB0A4E0EBFB3EA /* Pods */ = {
			isa = PBXGroup;
			children = (
				A854C76FC1BA89C897E27192 /* Pods-Memo-pad.debug.xcconfig */,
				5F7696280A798B1ECC082A36 /* Pods-Memo-pad.release.xcconfig */,
			);
			name = Pods;
			sourceTree = "<group>";
		};
		5AE5B4E01EDEBE4300CBD2E8 = {
			isa = PBXGroup;
			children = (
				5AE5B4EB1EDEBE4300CBD2E8 /* Memo-pad */,
				5AE5B4EA1EDEBE4300CBD2E8 /* Products */,
				2E35C337C8EB0A4E0EBFB3EA /* Pods */,
				F294A07A3C28F889B9109CA3 /* Frameworks */,
			);
			sourceTree = "<group>";
		};
		5AE5B4EA1EDEBE4300CBD2E8 /* Products */ = {
			isa = PBXGroup;
			children = (
				5AE5B4E91EDEBE4300CBD2E8 /* Memo-pad.app */,
			);
			name = Products;
			sourceTree = "<group>";
		};
		5AE5B4EB1EDEBE4300CBD2E8 /* Memo-pad */ = {
			isa = PBXGroup;
			children = (
				5AE5B4EC1EDEBE4300CBD2E8 /* AppDelegate.swift */,
				5AE5B4EE1EDEBE4300CBD2E8 /* ViewController.swift */,
				5AE5B5001EDEC58700CBD2E8 /* MemoViewController.swift */,
				5AE5B4F01EDEBE4300CBD2E8 /* Main.storyboard */,
				5AE5B4F31EDEBE4300CBD2E8 /* Assets.xcassets */,
				5AE5B4F51EDEBE4300CBD2E8 /* LaunchScreen.storyboard */,
				5AE5B4F81EDEBE4300CBD2E8 /* Info.plist */,
			);
			path = "Memo-pad";
			sourceTree = "<group>";
		};
		F294A07A3C28F889B9109CA3 /* Frameworks */ = {
			isa = PBXGroup;
			children = (
				9E92969ED9EAA2391F3E27F8 /* Pods_Memo_pad.framework */,
			);
			name = Frameworks;
			sourceTree = "<group>";
		};
/* End PBXGroup section */

/* Begin PBXNativeTarget section */
		5AE5B4E81EDEBE4300CBD2E8 /* Memo-pad */ = {
			isa = PBXNativeTarget;
			buildConfigurationList = 5AE5B4FB1EDEBE4300CBD2E8 /* Build configuration list for PBXNativeTarget "Memo-pad" */;
			buildPhases = (
				EC185B451B08489B1C2968E2 /* [CP] Check Pods Manifest.lock */,
				5AE5B4E51EDEBE4300CBD2E8 /* Sources */,
				5AE5B4E61EDEBE4300CBD2E8 /* Frameworks */,
				5AE5B4E71EDEBE4300CBD2E8 /* Resources */,
				7FA5AD2DF8CFBF08C88FAFC9 /* [CP] Embed Pods Frameworks */,
				924543210E5B95B5795F2F45 /* [CP] Copy Pods Resources */,
			);
			buildRules = (
			);
			dependencies = (
			);
			name = "Memo-pad";
			productName = "Memo-pad";
			productReference = 5AE5B4E91EDEBE4300CBD2E8 /* Memo-pad.app */;
			productType = "com.apple.product-type.application";
		};
/* End PBXNativeTarget section */

/* Begin PBXProject section */
		5AE5B4E11EDEBE4300CBD2E8 /* Project object */ = {
			isa = PBXProject;
			attributes = {
				LastSwiftUpdateCheck = 0830;
				LastUpgradeCheck = 0830;
				ORGANIZATIONNAME = "Yasunori Noguchi";
				TargetAttributes = {
					5AE5B4E81EDEBE4300CBD2E8 = {
						CreatedOnToolsVersion = 8.3.2;
						ProvisioningStyle = Automatic;
					};
				};
			};
			buildConfigurationList = 5AE5B4E41EDEBE4300CBD2E8 /* Build configuration list for PBXProject "Memo-pad" */;
			compatibilityVersion = "Xcode 3.2";
			developmentRegion = English;
			hasScannedForEncodings = 0;
			knownRegions = (
				en,
				Base,
			);
			mainGroup = 5AE5B4E01EDEBE4300CBD2E8;
			productRefGroup = 5AE5B4EA1EDEBE4300CBD2E8 /* Products */;
			projectDirPath = "";
			projectRoot = "";
			targets = (
				5AE5B4E81EDEBE4300CBD2E8 /* Memo-pad */,
			);
		};
/* End PBXProject section */

/* Begin PBXResourcesBuildPhase section */
		5AE5B4E71EDEBE4300CBD2E8 /* Resources */ = {
			isa = PBXResourcesBuildPhase;
			buildActionMask = 2147483647;
			files = (
				5AE5B4F71EDEBE4300CBD2E8 /* LaunchScreen.storyboard in Resources */,
				5AE5B4F41EDEBE4300CBD2E8 /* Assets.xcassets in Resources */,
				5AE5B4F21EDEBE4300CBD2E8 /* Main.storyboard in Resources */,
			);
			runOnlyForDeploymentPostprocessing = 0;
		};
/* End PBXResourcesBuildPhase section */

/* Begin PBXShellScriptBuildPhase section */
		7FA5AD2DF8CFBF08C88FAFC9 /* [CP] Embed Pods Frameworks */ = {
			isa = PBXShellScriptBuildPhase;
			buildActionMask = 2147483647;
			files = (
			);
			inputPaths = (
			);
			name = "[CP] Embed Pods Frameworks";
			outputPaths = (
			);
			runOnlyForDeploymentPostprocessing = 0;
			shellPath = /bin/sh;
			shellScript = "\"${SRCROOT}/Pods/Target Support Files/Pods-Memo-pad/Pods-Memo-pad-frameworks.sh\"\n";
			showEnvVarsInLog = 0;
		};
		924543210E5B95B5795F2F45 /* [CP] Copy Pods Resources */ = {
			isa = PBXShellScriptBuildPhase;
			buildActionMask = 2147483647;
			files = (
			);
			inputPaths = (
			);
			name = "[CP] Copy Pods Resources";
			outputPaths = (
			);
			runOnlyForDeploymentPostprocessing = 0;
			shellPath = /bin/sh;
			shellScript = "\"${SRCROOT}/Pods/Target Support Files/Pods-Memo-pad/Pods-Memo-pad-resources.sh\"\n";
			showEnvVarsInLog = 0;
		};
		EC185B451B08489B1C2968E2 /* [CP] Check Pods Manifest.lock */ = {
			isa = PBXShellScriptBuildPhase;
			buildActionMask = 2147483647;
			files = (
			);
			inputPaths = (
			);
			name = "[CP] Check Pods Manifest.lock";
			outputPaths = (
			);
			runOnlyForDeploymentPostprocessing = 0;
			shellPath = /bin/sh;
			shellScript = "diff \"${PODS_PODFILE_DIR_PATH}/Podfile.lock\" \"${PODS_ROOT}/Manifest.lock\" > /dev/null\nif [ $? != 0 ] ; then\n    # print error to STDERR\n    echo \"error: The sandbox is not in sync with the Podfile.lock. Run 'pod install' or update your CocoaPods installation.\" >&2\n    exit 1\nfi\n";
			showEnvVarsInLog = 0;
		};
/* End PBXShellScriptBuildPhase section */

/* Begin PBXSourcesBuildPhase section */
		5AE5B4E51EDEBE4300CBD2E8 /* Sources */ = {
			isa = PBXSourcesBuildPhase;
			buildActionMask = 2147483647;
			files = (
				5AE5B4EF1EDEBE4300CBD2E8 /* ViewController.swift in Sources */,
				5AE5B4ED1EDEBE4300CBD2E8 /* AppDelegate.swift in Sources */,
				5AE5B5011EDEC58700CBD2E8 /* MemoViewController.swift in Sources */,
			);
			runOnlyForDeploymentPostprocessing = 0;
		};
/* End PBXSourcesBuildPhase section */

/* Begin PBXVariantGroup section */
		5AE5B4F01EDEBE4300CBD2E8 /* Main.storyboard */ = {
			isa = PBXVariantGroup;
			children = (
				5AE5B4F11EDEBE4300CBD2E8 /* Base */,
			);
			name = Main.storyboard;
			sourceTree = "<group>";
		};
		5AE5B4F51EDEBE4300CBD2E8 /* LaunchScreen.storyboard */ = {
			isa = PBXVariantGroup;
			children = (
				5AE5B4F61EDEBE4300CBD2E8 /* Base */,
			);
			name = LaunchScreen.storyboard;
			sourceTree = "<group>";
		};
/* End PBXVariantGroup section */

/* Begin XCBuildConfiguration section */
		5AE5B4F91EDEBE4300CBD2E8 /* Debug */ = {
			isa = XCBuildConfiguration;
			buildSettings = {
				ALWAYS_SEARCH_USER_PATHS = NO;
				CLANG_ANALYZER_NONNULL = YES;
				CLANG_ANALYZER_NUMBER_OBJECT_CONVERSION = YES_AGGRESSIVE;
				CLANG_CXX_LANGUAGE_STANDARD = "gnu++0x";
				CLANG_CXX_LIBRARY = "libc++";
				CLANG_ENABLE_MODULES = YES;
				CLANG_ENABLE_OBJC_ARC = YES;
				CLANG_WARN_BOOL_CONVERSION = YES;
				CLANG_WARN_CONSTANT_CONVERSION = YES;
				CLANG_WARN_DIRECT_OBJC_ISA_USAGE = YES_ERROR;
				CLANG_WARN_DOCUMENTATION_COMMENTS = YES;
				CLANG_WARN_EMPTY_BODY = YES;
				CLANG_WARN_ENUM_CONVERSION = YES;
				CLANG_WARN_INFINITE_RECURSION = YES;
				CLANG_WARN_INT_CONVERSION = YES;
				CLANG_WARN_OBJC_ROOT_CLASS = YES_ERROR;
				CLANG_WARN_SUSPICIOUS_MOVE = YES;
				CLANG_WARN_UNREACHABLE_CODE = YES;
				CLANG_WARN__DUPLICATE_METHOD_MATCH = YES;
				"CODE_SIGN_IDENTITY[sdk=iphoneos*]" = "iPhone Developer";
				COPY_PHASE_STRIP = NO;
				DEBUG_INFORMATION_FORMAT = dwarf;
				ENABLE_STRICT_OBJC_MSGSEND = YES;
				ENABLE_TESTABILITY = YES;
				GCC_C_LANGUAGE_STANDARD = gnu99;
				GCC_DYNAMIC_NO_PIC = NO;
				GCC_NO_COMMON_BLOCKS = YES;
				GCC_OPTIMIZATION_LEVEL = 0;
				GCC_PREPROCESSOR_DEFINITIONS = (
					"DEBUG=1",
					"$(inherited)",
				);
				GCC_WARN_64_TO_32_BIT_CONVERSION = YES;
				GCC_WARN_ABOUT_RETURN_TYPE = YES_ERROR;
				GCC_WARN_UNDECLARED_SELECTOR = YES;
				GCC_WARN_UNINITIALIZED_AUTOS = YES_AGGRESSIVE;
				GCC_WARN_UNUSED_FUNCTION = YES;
				GCC_WARN_UNUSED_VARIABLE = YES;
				IPHONEOS_DEPLOYMENT_TARGET = 10.3;
				MTL_ENABLE_DEBUG_INFO = YES;
				ONLY_ACTIVE_ARCH = YES;
				SDKROOT = iphoneos;
				SWIFT_ACTIVE_COMPILATION_CONDITIONS = DEBUG;
				SWIFT_OPTIMIZATION_LEVEL = "-Onone";
			};
			name = Debug;
		};
		5AE5B4FA1EDEBE4300CBD2E8 /* Release */ = {
			isa = XCBuildConfiguration;
			buildSettings = {
				ALWAYS_SEARCH_USER_PATHS = NO;
				CLANG_ANALYZER_NONNULL = YES;
				CLANG_ANALYZER_NUMBER_OBJECT_CONVERSION = YES_AGGRESSIVE;
				CLANG_CXX_LANGUAGE_STANDARD = "gnu++0x";
				CLANG_CXX_LIBRARY = "libc++";
				CLANG_ENABLE_MODULES = YES;
				CLANG_ENABLE_OBJC_ARC = YES;
				CLANG_WARN_BOOL_CONVERSION = YES;
				CLANG_WARN_CONSTANT_CONVERSION = YES;
				CLANG_WARN_DIRECT_OBJC_ISA_USAGE = YES_ERROR;
				CLANG_WARN_DOCUMENTATION_COMMENTS = YES;
				CLANG_WARN_EMPTY_BODY = YES;
				CLANG_WARN_ENUM_CONVERSION = YES;
				CLANG_WARN_INFINITE_RECURSION = YES;
				CLANG_WARN_INT_CONVERSION = YES;
				CLANG_WARN_OBJC_ROOT_CLASS = YES_ERROR;
				CLANG_WARN_SUSPICIOUS_MOVE = YES;
				CLANG_WARN_UNREACHABLE_CODE = YES;
				CLANG_WARN__DUPLICATE_METHOD_MATCH = YES;
				"CODE_SIGN_IDENTITY[sdk=iphoneos*]" = "iPhone Developer";
				COPY_PHASE_STRIP = NO;
				DEBUG_INFORMATION_FORMAT = "dwarf-with-dsym";
				ENABLE_NS_ASSERTIONS = NO;
				ENABLE_STRICT_OBJC_MSGSEND = YES;
				GCC_C_LANGUAGE_STANDARD = gnu99;
				GCC_NO_COMMON_BLOCKS = YES;
				GCC_WARN_64_TO_32_BIT_CONVERSION = YES;
				GCC_WARN_ABOUT_RETURN_TYPE = YES_ERROR;
				GCC_WARN_UNDECLARED_SELECTOR = YES;
				GCC_WARN_UNINITIALIZED_AUTOS = YES_AGGRESSIVE;
				GCC_WARN_UNUSED_FUNCTION = YES;
				GCC_WARN_UNUSED_VARIABLE = YES;
				IPHONEOS_DEPLOYMENT_TARGET = 10.3;
				MTL_ENABLE_DEBUG_INFO = NO;
				SDKROOT = iphoneos;
				SWIFT_OPTIMIZATION_LEVEL = "-Owholemodule";
				VALIDATE_PRODUCT = YES;
			};
			name = Release;
		};
		5AE5B4FC1EDEBE4300CBD2E8 /* Debug */ = {
			isa = XCBuildConfiguration;
			baseConfigurationReference = A854C76FC1BA89C897E27192 /* Pods-Memo-pad.debug.xcconfig */;
			buildSettings = {
				ASSETCATALOG_COMPILER_APPICON_NAME = AppIcon;
				INFOPLIST_FILE = "Memo-pad/Info.plist";
				LD_RUNPATH_SEARCH_PATHS = "$(inherited) @executable_path/Frameworks";
				PRODUCT_BUNDLE_IDENTIFIER = "com.litech.Memo-pad";
				PRODUCT_NAME = "$(TARGET_NAME)";
				SWIFT_VERSION = 3.0;
			};
			name = Debug;
		};
		5AE5B4FD1EDEBE4300CBD2E8 /* Release */ = {
			isa = XCBuildConfiguration;
			baseConfigurationReference = 5F7696280A798B1ECC082A36 /* Pods-Memo-pad.release.xcconfig */;
			buildSettings = {
				ASSETCATALOG_COMPILER_APPICON_NAME = AppIcon;
				INFOPLIST_FILE = "Memo-pad/Info.plist";
				LD_RUNPATH_SEARCH_PATHS = "$(inherited) @executable_path/Frameworks";
				PRODUCT_BUNDLE_IDENTIFIER = "com.litech.Memo-pad";
				PRODUCT_NAME = "$(TARGET_NAME)";
				SWIFT_VERSION = 3.0;
			};
			name = Release;
		};
/* End XCBuildConfiguration section */

/* Begin XCConfigurationList section */
		5AE5B4E41EDEBE4300CBD2E8 /* Build configuration list for PBXProject "Memo-pad" */ = {
			isa = XCConfigurationList;
			buildConfigurations = (
				5AE5B4F91EDEBE4300CBD2E8 /* Debug */,
				5AE5B4FA1EDEBE4300CBD2E8 /* Release */,
			);
			defaultConfigurationIsVisible = 0;
			defaultConfigurationName = Release;
		};
		5AE5B4FB1EDEBE4300CBD2E8 /* Build configuration list for PBXNativeTarget "Memo-pad" */ = {
			isa = XCConfigurationList;
			buildConfigurations = (
				5AE5B4FC1EDEBE4300CBD2E8 /* Debug */,
				5AE5B4FD1EDEBE4300CBD2E8 /* Release */,
			);
			defaultConfigurationIsVisible = 0;
			defaultConfigurationName = Release;
		};
/* End XCConfigurationList section */
	};
	rootObject = 5AE5B4E11EDEBE4300CBD2E8 /* Project object */;
}
